<?xml version="1.0" encoding="utf-8"?>
<Project ToolsVersion="4.0" xmlns="http://schemas.microsoft.com/developer/msbuild/2003">
  <ItemGroup>
    <Filter Include="Source Files">
      <UniqueIdentifier>{7ee23458-f137-4785-97f4-9cfb751aedb7}</UniqueIdentifier>
    </Filter>
    <Filter Include="Headers">
      <UniqueIdentifier>{541ce561-1352-45b6-bbfb-ab32dcd2df07}</UniqueIdentifier>
    </Filter>
  </ItemGroup>
  <ItemGroup>
    <ClInclude Include="..\..\examples\pxScene2d\src\rtAtomic.h">
      <Filter>Headers</Filter>
    </ClInclude>
    <ClInclude Include="..\..\examples\pxScene2d\src\rtCore.h">
      <Filter>Headers</Filter>
    </ClInclude>
    <ClInclude Include="..\..\examples\pxScene2d\src\rtDefs.h">
      <Filter>Headers</Filter>
    </ClInclude>
    <ClInclude Include="..\..\examples\pxScene2d\src\rtError.h">
      <Filter>Headers</Filter>
    </ClInclude>
    <ClInclude Include="..\..\examples\pxScene2d\src\rtFile.h">
      <Filter>Headers</Filter>
    </ClInclude>
    <ClInclude Include="..\..\examples\pxScene2d\src\rtLibrary.h">
      <Filter>Headers</Filter>
    </ClInclude>
    <ClInclude Include="..\..\examples\pxScene2d\src\rtLog.h">
      <Filter>Headers</Filter>
    </ClInclude>
    <ClInclude Include="..\..\examples\pxScene2d\src\rtMutex.h">
      <Filter>Headers</Filter>
    </ClInclude>
    <ClInclude Include="..\..\examples\pxScene2d\src\rtObject.h">
      <Filter>Headers</Filter>
    </ClInclude>
    <ClInclude Include="..\..\examples\pxScene2d\src\rtObjectMacros.h">
      <Filter>Headers</Filter>
    </ClInclude>
    <ClInclude Include="..\..\examples\pxScene2d\src\rtPathUtils.h">
      <Filter>Headers</Filter>
    </ClInclude>
    <ClInclude Include="..\..\examples\pxScene2d\src\rtRefT.h">
      <Filter>Headers</Filter>
    </ClInclude>
    <ClInclude Include="..\..\examples\pxScene2d\src\rtString.h">
      <Filter>Headers</Filter>
    </ClInclude>
    <ClInclude Include="..\..\examples\pxScene2d\src\rtThreadPool.h">
      <Filter>Headers</Filter>
    </ClInclude>
    <ClInclude Include="..\..\examples\pxScene2d\src\rtThreadTask.h">
      <Filter>Headers</Filter>
    </ClInclude>
    <ClInclude Include="..\..\examples\pxScene2d\src\rtValue.h">
      <Filter>Headers</Filter>
    </ClInclude>
    <ClInclude Include="..\..\examples\pxScene2d\src\win\rtConfigNative.h">
      <Filter>Headers</Filter>
    </ClInclude>
    <ClInclude Include="..\..\examples\pxScene2d\src\win\rtMutexNative.h">
      <Filter>Headers</Filter>
    </ClInclude>
    <ClInclude Include="..\..\examples\pxScene2d\src\win\rtThreadPoolNative.h">
      <Filter>Headers</Filter>
    </ClInclude>
  </ItemGroup>
  <ItemGroup>
    <ClCompile Include="..\..\examples\pxScene2d\src\rtError.cpp">
      <Filter>Source Files</Filter>
    </ClCompile>
    <ClCompile Include="..\..\examples\pxScene2d\src\rtFile.cpp">
      <Filter>Source Files</Filter>
    </ClCompile>
    <ClCompile Include="..\..\examples\pxScene2d\src\rtLibrary.cpp">
      <Filter>Source Files</Filter>
    </ClCompile>
    <ClCompile Include="..\..\examples\pxScene2d\src\rtLog.cpp">
      <Filter>Source Files</Filter>
    </ClCompile>
    <ClCompile Include="..\..\examples\pxScene2d\src\rtObject.cpp">
      <Filter>Source Files</Filter>
    </ClCompile>
    <ClCompile Include="..\..\examples\pxScene2d\src\rtPathUtils.cpp">
      <Filter>Source Files</Filter>
    </ClCompile>
    <ClCompile Include="..\..\examples\pxScene2d\src\rtString.cpp">
      <Filter>Source Files</Filter>
    </ClCompile>
    <ClCompile Include="..\..\examples\pxScene2d\src\rtThreadPool.cpp">
      <Filter>Source Files</Filter>
    </ClCompile>
    <ClCompile Include="..\..\examples\pxScene2d\src\rtThreadTask.cpp">
      <Filter>Source Files</Filter>
    </ClCompile>
    <ClCompile Include="..\..\examples\pxScene2d\src\rtValue.cpp">
      <Filter>Source Files</Filter>
    </ClCompile>
    <ClCompile Include="..\..\examples\pxScene2d\src\win\rtMutexNative.cpp">
      <Filter>Source Files</Filter>
    </ClCompile>
    <ClCompile Include="..\..\examples\pxScene2d\src\win\rtThreadPoolNative.cpp">
      <Filter>Source Files</Filter>
    </ClCompile>
  </ItemGroup>
</Project>